
Microsoft Visual Studio Solution File, Format Version 12.00
# Visual Studio Version 17
VisualStudioVersion = 17.13.35931.197
MinimumVisualStudioVersion = 10.0.40219.1
Project("{8BC9CEB8-8B4A-11D0-8D11-00A0C91BC942}") = "dolphinCMT", "dolphinCMT\dolphinCMT.vcxproj", "{E4F1FB9D-AE66-4FB8-B524-7ACDAA627CD6}"
EndProject
Global
	GlobalSection(SolutionConfigurationPlatforms) = preSolution
		Release|x64 = Release|x64
	EndGlobalSection
	GlobalSection(ProjectConfigurationPlatforms) = postSolution
		{E4F1FB9D-AE66-4FB8-B524-7ACDAA627CD6}.Release|x64.ActiveCfg = Release|x64
		{E4F1FB9D-AE66-4FB8-B524-7ACDAA627CD6}.Release|x64.Build.0 = Release|x64
	EndGlobalSection
	GlobalSection(SolutionProperties) = preSolution
		HideSolutionNode = FALSE
	EndGlobalSection
	GlobalSection(ExtensibilityGlobals) = postSolution
		SolutionGuid = {DB3F908B-F60E-423B-845A-7983096732F2}
	EndGlobalSection
EndGlobal
